<?xml version="1.0" encoding="utf-8"?>
<Project ToolsVersion="4.0" xmlns="http://schemas.microsoft.com/developer/msbuild/2003">
  <ItemGroup>
    <Filter Include="resources">
      <UniqueIdentifier>{202B5BA7-8C95-0F1E-D5D3-C0C3417DED72}</UniqueIdentifier>
    </Filter>
    <Filter Include="resources\shaders">
      <UniqueIdentifier>{19081037-851E-0ECD-CE95-99EE3AEBDE54}</UniqueIdentifier>
    </Filter>
    <Filter Include="source">
      <UniqueIdentifier>{76FF3A1C-62A1-65F2-4B5C-7946379DEC42}</UniqueIdentifier>
    </Filter>
  </ItemGroup>
  <ItemGroup>
    <ClCompile Include="glad.c" />
    <ClCompile Include="source\sandbox.cpp">
      <Filter>source</Filter>
    </ClCompile>
  </ItemGroup>
  <ItemGroup>
    <None Include="resources\shaders\example.frag">
      <Filter>resources\shaders</Filter>
    </None>
    <None Include="resources\shaders\example.vert">
      <Filter>resources\shaders</Filter>
    </None>
  </ItemGroup>
</Project>