<?xml version="1.0" encoding="utf-8"?>
<Project ToolsVersion="4.0" xmlns="http://schemas.microsoft.com/developer/msbuild/2003">
  <ItemGroup>
    <Filter Include="Resources">
      <UniqueIdentifier>{000BCD17-6C75-818E-B5B3-3234215D5FE3}</UniqueIdentifier>
    </Filter>
    <Filter Include="Resources\Shaders">
      <UniqueIdentifier>{D92F8C3C-4546-8AD2-8EBD-15F4FA125B5A}</UniqueIdentifier>
    </Filter>
    <Filter Include="Source">
      <UniqueIdentifier>{56EB95D1-428D-C0A7-2B48-D4FB178947F8}</UniqueIdentifier>
    </Filter>
    <Filter Include="vendor">
      <UniqueIdentifier>{B3738122-9F15-ACF8-88D0-BF4C74113349}</UniqueIdentifier>
    </Filter>
    <Filter Include="vendor\glad">
      <UniqueIdentifier>{9A8E79C1-0644-F2B6-8F38-EC8DFBECE8BA}</UniqueIdentifier>
    </Filter>
    <Filter Include="vendor\glad\include">
      <UniqueIdentifier>{0DB0903E-7911-6E4C-027F-B4FE6EDFA40B}</UniqueIdentifier>
    </Filter>
  </ItemGroup>
  <ItemGroup>
    <ClInclude Include="Source\Application.h">
      <Filter>Source</Filter>
    </ClInclude>
    <ClInclude Include="Source\Camera.h">
      <Filter>Source</Filter>
    </ClInclude>
  </ItemGroup>
  <ItemGroup>
    <ClCompile Include="..\vendor\glad\include\glad.c">
      <Filter>vendor\glad\include</Filter>
    </ClCompile>
    <ClCompile Include="Source\Application.cpp">
      <Filter>Source</Filter>
    </ClCompile>
    <ClCompile Include="Source\Camera.cpp">
      <Filter>Source</Filter>
    </ClCompile>
    <ClCompile Include="Source\Main.cpp">
      <Filter>Source</Filter>
    </ClCompile>
  </ItemGroup>
  <ItemGroup>
    <None Include="Resources\Shaders\Framebuffer.frag">
      <Filter>Resources\Shaders</Filter>
    </None>
    <None Include="Resources\Shaders\Framebuffer.vert">
      <Filter>Resources\Shaders</Filter>
    </None>
    <None Include="Resources\Shaders\Model.frag">
      <Filter>Resources\Shaders</Filter>
    </None>
    <None Include="Resources\Shaders\Model.vert">
      <Filter>Resources\Shaders</Filter>
    </None>
  </ItemGroup>
</Project>