<?xml version="1.0" encoding="utf-8"?>
<Project ToolsVersion="4.0" xmlns="http://schemas.microsoft.com/developer/msbuild/2003">
  <ItemGroup>
    <Filter Include="Source">
      <UniqueIdentifier>{56EB95D1-428D-C0A7-2B48-D4FB178947F8}</UniqueIdentifier>
    </Filter>
    <Filter Include="Source\Core">
      <UniqueIdentifier>{6E95150F-DA4A-8E04-633F-88DBCFF38408}</UniqueIdentifier>
    </Filter>
    <Filter Include="Source\ECS">
      <UniqueIdentifier>{A09AC236-8C52-0484-F559-DDDFE1309F74}</UniqueIdentifier>
    </Filter>
    <Filter Include="Source\Graphics">
      <UniqueIdentifier>{56D4EE92-C25F-5C57-CB70-DF4B377BB857}</UniqueIdentifier>
    </Filter>
    <Filter Include="Source\Platform">
      <UniqueIdentifier>{6A48A913-D6D3-16D8-DFE4-99CC4BEF72D8}</UniqueIdentifier>
    </Filter>
    <Filter Include="vendor">
      <UniqueIdentifier>{B3738122-9F15-ACF8-88D0-BF4C74113349}</UniqueIdentifier>
    </Filter>
    <Filter Include="vendor\glad">
      <UniqueIdentifier>{9A8E79C1-0644-F2B6-8F38-EC8DFBECE8BA}</UniqueIdentifier>
    </Filter>
    <Filter Include="vendor\glad\include">
      <UniqueIdentifier>{0DB0903E-7911-6E4C-027F-B4FE6EDFA40B}</UniqueIdentifier>
    </Filter>
  </ItemGroup>
  <ItemGroup>
    <ClInclude Include="Source\Core\Logger.h">
      <Filter>Source\Core</Filter>
    </ClInclude>
    <ClInclude Include="Source\Core\Utilities.h">
      <Filter>Source\Core</Filter>
    </ClInclude>
    <ClInclude Include="Source\ECS\ComponentManager.h">
      <Filter>Source\ECS</Filter>
    </ClInclude>
    <ClInclude Include="Source\ECS\EntityManager.h">
      <Filter>Source\ECS</Filter>
    </ClInclude>
    <ClInclude Include="Source\ECS\ModelComponent.h">
      <Filter>Source\ECS</Filter>
    </ClInclude>
    <ClInclude Include="Source\ECS\RenderSystem.h">
      <Filter>Source\ECS</Filter>
    </ClInclude>
    <ClInclude Include="Source\ECS\TransformComponent.h">
      <Filter>Source\ECS</Filter>
    </ClInclude>
    <ClInclude Include="Source\Engine.h">
      <Filter>Source</Filter>
    </ClInclude>
    <ClInclude Include="Source\Graphics\Framebuffer.h">
      <Filter>Source\Graphics</Filter>
    </ClInclude>
    <ClInclude Include="Source\Graphics\Mesh.h">
      <Filter>Source\Graphics</Filter>
    </ClInclude>
    <ClInclude Include="Source\Graphics\Model.h">
      <Filter>Source\Graphics</Filter>
    </ClInclude>
    <ClInclude Include="Source\Graphics\Shader.h">
      <Filter>Source\Graphics</Filter>
    </ClInclude>
    <ClInclude Include="Source\Platform\InputCodes.h">
      <Filter>Source\Platform</Filter>
    </ClInclude>
    <ClInclude Include="Source\Platform\InputHandler.h">
      <Filter>Source\Platform</Filter>
    </ClInclude>
    <ClInclude Include="Source\Platform\Window.h">
      <Filter>Source\Platform</Filter>
    </ClInclude>
    <ClInclude Include="Source\Core\ResourceManager.h" />
  </ItemGroup>
  <ItemGroup>
    <ClCompile Include="..\vendor\glad\include\glad.c">
      <Filter>vendor\glad\include</Filter>
    </ClCompile>
    <ClCompile Include="Source\Core\Logger.cpp">
      <Filter>Source\Core</Filter>
    </ClCompile>
    <ClCompile Include="Source\Core\Utilities.cpp">
      <Filter>Source\Core</Filter>
    </ClCompile>
    <ClCompile Include="Source\ECS\ComponentManager.cpp">
      <Filter>Source\ECS</Filter>
    </ClCompile>
    <ClCompile Include="Source\ECS\EntityManager.cpp">
      <Filter>Source\ECS</Filter>
    </ClCompile>
    <ClCompile Include="Source\ECS\RenderSystem.cpp">
      <Filter>Source\ECS</Filter>
    </ClCompile>
    <ClCompile Include="Source\Graphics\Framebuffer.cpp">
      <Filter>Source\Graphics</Filter>
    </ClCompile>
    <ClCompile Include="Source\Graphics\Mesh.cpp">
      <Filter>Source\Graphics</Filter>
    </ClCompile>
    <ClCompile Include="Source\Graphics\Model.cpp">
      <Filter>Source\Graphics</Filter>
    </ClCompile>
    <ClCompile Include="Source\Graphics\Shader.cpp">
      <Filter>Source\Graphics</Filter>
    </ClCompile>
    <ClCompile Include="Source\Graphics\Stb.cpp">
      <Filter>Source\Graphics</Filter>
    </ClCompile>
    <ClCompile Include="Source\Platform\InputHandler.cpp">
      <Filter>Source\Platform</Filter>
    </ClCompile>
    <ClCompile Include="Source\Platform\Window.cpp">
      <Filter>Source\Platform</Filter>
    </ClCompile>
    <ClCompile Include="Source\Core\ResourceManager.cpp" />
  </ItemGroup>
</Project>